{
  "projects": [
    {
      "projectId": "YUiM7yqBWAqsh8KSnrdj7",
      "version": "0.30.0",
      "dependencies": {},
      "lang": "ts",
      "fileLocks": [
        {
          "assetId": "YUiM7yqBWAqsh8KSnrdj7",
          "type": "projectCss",
          "checksum": "dac72600b04b6e6a3014e82512a15fe1"
        }
      ],
      "codegenVersion": "0.0.1"
    },
    {
      "projectId": "r3ASNrnyvLLLAtDvzUioQ",
      "version": "4.6.0",
      "dependencies": {},
      "lang": "ts",
      "fileLocks": [
        {
          "assetId": "r3ASNrnyvLLLAtDvzUioQ",
          "type": "projectCss",
          "checksum": "e1ec850476829c38b0f9b6d4f7ac446a"
        }
      ],
      "codegenVersion": "0.0.1"
    },
    {
      "projectId": "ohDidvG9XsCeFumugENU3J",
      "version": "6.26.0",
      "dependencies": {},
      "lang": "ts",
      "fileLocks": [
        {
          "assetId": "ohDidvG9XsCeFumugENU3J",
          "type": "projectCss",
          "checksum": "fd83b730367fdbde2c69bc6cf31c2a3c"
        },
        {
          "assetId": "ohDidvG9XsCeFumugENU3J",
          "checksum": "de0a0e65174a6a185a8f822af51c6bdd",
          "type": "globalContexts"
        }
      ],
      "codegenVersion": "0.0.1"
    },
    {
      "projectId": "28Ba3BDvRe7EiWdfFNnLB6",
      "version": "2.36.0",
      "dependencies": {},
      "lang": "ts",
      "fileLocks": [
        {
          "assetId": "28Ba3BDvRe7EiWdfFNnLB6",
          "type": "projectCss",
          "checksum": "e1ec850476829c38b0f9b6d4f7ac446a"
        }
      ],
      "codegenVersion": "0.0.1"
    },
    {
      "projectId": "caTPwKxj5ZrD9LQ7DMdK4Z",
      "version": "3.38.0",
      "dependencies": {},
      "lang": "ts",
      "fileLocks": [
        {
          "assetId": "caTPwKxj5ZrD9LQ7DMdK4Z",
          "type": "projectCss",
          "checksum": "e1ec850476829c38b0f9b6d4f7ac446a"
        }
      ],
      "codegenVersion": "0.0.1"
    },
    {
      "projectId": "7nJ7UcFmq9UzB6eXfC5z4a",
      "version": "0.29.0",
      "dependencies": {},
      "lang": "ts",
      "fileLocks": [
        {
          "assetId": "7nJ7UcFmq9UzB6eXfC5z4a",
          "type": "projectCss",
          "checksum": "05587b57f22f0ec8bb54543deb39762e"
        }
      ],
      "codegenVersion": "0.0.1"
    },
    {
      "projectId": "5Zg9n9VVQm3GpGMqm4vDHh",
      "version": "latest",
      "dependencies": {
        "7nJ7UcFmq9UzB6eXfC5z4a": "0.29.0",
        "caTPwKxj5ZrD9LQ7DMdK4Z": "3.38.0",
        "28Ba3BDvRe7EiWdfFNnLB6": "2.36.0",
        "ohDidvG9XsCeFumugENU3J": "6.26.0",
        "r3ASNrnyvLLLAtDvzUioQ": "4.6.0",
        "YUiM7yqBWAqsh8KSnrdj7": "0.30.0"
      },
      "lang": "ts",
      "fileLocks": [
        {
          "type": "globalVariant",
          "assetId": "1muxj089qu4o",
          "checksum": "e05eb3f3a8310a645fa978f6cb236968"
        },
        {
          "assetId": "5Zg9n9VVQm3GpGMqm4vDHh",
          "checksum": "dc1e6663beb2924f0ea83385f4babff2",
          "type": "globalContexts"
        },
        {
          "type": "renderModule",
          "assetId": "leoegzsX4eIE",
          "checksum": "ade02deabc64296cab161efb9e323092"
        },
        {
          "type": "cssRules",
          "assetId": "leoegzsX4eIE",
          "checksum": "ade02deabc64296cab161efb9e323092"
        },
        {
          "type": "renderModule",
          "assetId": "ll3hHBC03oBt",
          "checksum": "0487a1db41218f3d23e13031b55b54d0"
        },
        {
          "type": "cssRules",
          "assetId": "ll3hHBC03oBt",
          "checksum": "0487a1db41218f3d23e13031b55b54d0"
        },
        {
          "type": "renderModule",
          "assetId": "MtQHjkr4cOvA",
          "checksum": "be2b4e8102f0f5e59651a4efd7f7ba66"
        },
        {
          "type": "cssRules",
          "assetId": "MtQHjkr4cOvA",
          "checksum": "be2b4e8102f0f5e59651a4efd7f7ba66"
        },
        {
          "type": "renderModule",
          "assetId": "w2Fc-Ixm_xfi",
          "checksum": "b8df933b89d5a911cc802b9649cf2492"
        },
        {
          "type": "cssRules",
          "assetId": "w2Fc-Ixm_xfi",
          "checksum": "b8df933b89d5a911cc802b9649cf2492"
        },
        {
          "type": "renderModule",
          "assetId": "m9q_ylkcXKJb",
          "checksum": "a278b8e3bec27690161f63135dad2079"
        },
        {
          "type": "cssRules",
          "assetId": "m9q_ylkcXKJb",
          "checksum": "a278b8e3bec27690161f63135dad2079"
        },
        {
          "type": "renderModule",
          "assetId": "vycrmcvmfIp5",
          "checksum": "54aaa1df356f47d611fa5bdc7c242c2d"
        },
        {
          "type": "cssRules",
          "assetId": "vycrmcvmfIp5",
          "checksum": "54aaa1df356f47d611fa5bdc7c242c2d"
        },
        {
          "type": "renderModule",
          "assetId": "HiGYq75vwoND",
          "checksum": "c22415c9d7cd39ee80ae0301dab3b6a5"
        },
        {
          "type": "cssRules",
          "assetId": "HiGYq75vwoND",
          "checksum": "c22415c9d7cd39ee80ae0301dab3b6a5"
        },
        {
          "type": "renderModule",
          "assetId": "rCrg3zvpL5_T",
          "checksum": "6c677f4cfd148d9529ee6545b6f42b05"
        },
        {
          "type": "cssRules",
          "assetId": "rCrg3zvpL5_T",
          "checksum": "6c677f4cfd148d9529ee6545b6f42b05"
        },
        {
          "type": "renderModule",
          "assetId": "23HMZjLtZkaz",
          "checksum": "0d8ee420b3354f2dc112e63a1924a1b3"
        },
        {
          "type": "cssRules",
          "assetId": "23HMZjLtZkaz",
          "checksum": "0d8ee420b3354f2dc112e63a1924a1b3"
        },
        {
          "type": "renderModule",
          "assetId": "ZRml-k__Ofyf",
          "checksum": "c06723563bb2c1073623c2ac42c14280"
        },
        {
          "type": "cssRules",
          "assetId": "ZRml-k__Ofyf",
          "checksum": "c06723563bb2c1073623c2ac42c14280"
        },
        {
          "type": "renderModule",
          "assetId": "ZskUfWdVMUuj",
          "checksum": "a1b067a9475087efdaeb58f1a1bce2a8"
        },
        {
          "type": "cssRules",
          "assetId": "ZskUfWdVMUuj",
          "checksum": "a1b067a9475087efdaeb58f1a1bce2a8"
        },
        {
          "type": "renderModule",
          "assetId": "ZHnuuQqxvaUZ",
          "checksum": "c6c4d6bf151d960c61c57e19cb1aa2eb"
        },
        {
          "type": "cssRules",
          "assetId": "ZHnuuQqxvaUZ",
          "checksum": "c6c4d6bf151d960c61c57e19cb1aa2eb"
        },
        {
          "type": "renderModule",
          "assetId": "IF154tGolFVA",
          "checksum": "60e59d93fa0b849fa80125ec75a51dcd"
        },
        {
          "type": "cssRules",
          "assetId": "IF154tGolFVA",
          "checksum": "60e59d93fa0b849fa80125ec75a51dcd"
        },
        {
          "type": "icon",
          "assetId": "W-5X1QmV8pcj",
          "checksum": "a01e81fda3e7800d2f629e78b973c2dd"
        },
        {
          "type": "icon",
          "assetId": "fHRKrUX_kYZ3",
          "checksum": "08d1a3c5e03a18378a3681e48cf0065b"
        },
        {
          "type": "icon",
          "assetId": "AnKsIXJnS2cL",
          "checksum": "5aa6b8517ae107f45bbf6645c0a30b30"
        },
        {
          "type": "icon",
          "assetId": "VT40UaoKHISH",
          "checksum": "c982261d31498fde6bec07576505c5ac"
        },
        {
          "type": "icon",
          "assetId": "iRRgIrxUQ5s9",
          "checksum": "c109e40bb55a5b38a78a8db23c8f2401"
        },
        {
          "type": "icon",
          "assetId": "z0HYFocnziLk",
          "checksum": "e37ec1913657744764a80b6bfd26f8f5"
        },
        {
          "type": "icon",
          "assetId": "KuoQUwb_z1Ao",
          "checksum": "14ce19e17d5e189aab9d3af597c3c1c6"
        },
        {
          "type": "icon",
          "assetId": "adGnhi7LaZ6y",
          "checksum": "2ce95b8c7ec9542dd00044e5d29e05b3"
        },
        {
          "type": "icon",
          "assetId": "Bw6f6MMDqK9o",
          "checksum": "bd7c71bbd387c1d2cd3a1c75032cac71"
        },
        {
          "type": "image",
          "assetId": "KYjBEDE09WnP",
          "checksum": "1a6f24e2fd579b713bad7fc68905a002"
        },
        {
          "type": "image",
          "assetId": "YR556Gwqq0Di",
          "checksum": "020d2ef3b535740af68a2c8c3ee13876"
        },
        {
          "type": "image",
          "assetId": "L67mcmpw0KVP",
          "checksum": "1a9692d963b1a461987da1196c67849d"
        },
        {
          "type": "image",
          "assetId": "hHpYSfUeH-CS",
          "checksum": "39b1b5fb40495a9a807a7b221bc77fba"
        },
        {
          "type": "image",
          "assetId": "0jZ3TqPk5_iS",
          "checksum": "f8ba84b23670dbbcf2bdc80659c30aaa"
        },
        {
          "type": "image",
          "assetId": "dYbQc5OFISk0",
          "checksum": "221c0bd95b5a83fdb6fb31d136ac2006"
        },
        {
          "type": "image",
          "assetId": "OrXWawTI2YU7",
          "checksum": "07adb403d1384be11e4204e7b5cddbde"
        },
        {
          "type": "image",
          "assetId": "n04be0rZnfe9",
          "checksum": "e33edc2c6fbd2132c37dc43fe37808d4"
        },
        {
          "type": "image",
          "assetId": "FFRu-EMQj7oW",
          "checksum": "e321924073a8b23d9f01a225701c9317"
        },
        {
          "type": "image",
          "assetId": "JDOQyu0AH7_9",
          "checksum": "edb2fee09b6a695cafc18b119a812fbd"
        },
        {
          "type": "image",
          "assetId": "SD1idzakW5ua",
          "checksum": "6ab18f62d4683a176620dbf3384f7bb4"
        },
        {
          "assetId": "5Zg9n9VVQm3GpGMqm4vDHh",
          "type": "projectCss",
          "checksum": "7b26fe85c42dd8669f71d3a4e58cd71c"
        }
      ],
      "codegenVersion": "0.0.1"
    }
  ],
  "cliVersion": "0.1.331"
}
